{
  "version": 4,
  "terraform_version": "1.13.3",
  "serial": 24,
  "lineage": "a9f7429c-c507-aea9-55d1-467286438985",
  "outputs": {
    "ecs_cluster_name": {
      "value": "kafka-enterprise-orders-cluster",
      "type": "string"
    },
    "rds_endpoint": {
      "value": null,
      "type": "string"
    }
  },
  "resources": [
    {
      "mode": "managed",
      "type": "aws_cloudwatch_log_group",
      "name": "producer",
      "provider": "provider[\"registry.terraform.io/hashicorp/aws\"]",
      "instances": [
        {
          "schema_version": 0,
          "attributes": {
            "arn": "arn:aws:logs:us-east-2:343218219153:log-group:/ecs/kafka-enterprise-orders-producer",
            "id": "/ecs/kafka-enterprise-orders-producer",
            "kms_key_id": "",
            "log_group_class": "STANDARD",
            "name": "/ecs/kafka-enterprise-orders-producer",
            "name_prefix": "",
            "retention_in_days": 7,
            "skip_destroy": false,
            "tags": {},
            "tags_all": {}
          },
          "sensitive_attributes": [],
          "identity_schema_version": 0,
          "private": "eyJzY2hlbWFfdmVyc2lvbiI6IjAifQ=="
        }
      ]
    },
    {
      "mode": "managed",
      "type": "aws_db_subnet_group",
      "name": "orders",
      "provider": "provider[\"registry.terraform.io/hashicorp/aws\"]",
      "instances": [
        {
          "schema_version": 0,
          "attributes": {
            "arn": "arn:aws:rds:us-east-2:343218219153:subgrp:kafka-enterprise-orders-db-subnets",
            "description": "Managed by Terraform",
            "id": "kafka-enterprise-orders-db-subnets",
            "name": "kafka-enterprise-orders-db-subnets",
            "name_prefix": "",
            "subnet_ids": [
              "subnet-014a34e66b4e987f8",
              "subnet-0a8de3f08c379f99a"
            ],
            "supported_network_types": [
              "IPV4"
            ],
            "tags": {
              "Name": "kafka-enterprise-orders-db-subnets"
            },
            "tags_all": {
              "Name": "kafka-enterprise-orders-db-subnets"
            },
            "vpc_id": "vpc-008f4e611a0d47f81"
          },
          "sensitive_attributes": [],
          "identity_schema_version": 0,
          "private": "bnVsbA==",
          "dependencies": [
            "aws_subnet.public_a",
            "aws_subnet.public_b",
            "aws_vpc.main"
          ]
        }
      ]
    },
    {
      "mode": "managed",
      "type": "aws_ecs_cluster",
      "name": "app_cluster",
      "provider": "provider[\"registry.terraform.io/hashicorp/aws\"]",
      "instances": [
        {
          "schema_version": 0,
          "attributes": {
            "arn": "arn:aws:ecs:us-east-2:343218219153:cluster/kafka-enterprise-orders-cluster",
            "configuration": [],
            "id": "arn:aws:ecs:us-east-2:343218219153:cluster/kafka-enterprise-orders-cluster",
            "name": "kafka-enterprise-orders-cluster",
            "service_connect_defaults": [],
            "setting": [
              {
                "name": "containerInsights",
                "value": "enabled"
              }
            ],
            "tags": {
              "Name": "kafka-enterprise-orders-cluster"
            },
            "tags_all": {
              "Name": "kafka-enterprise-orders-cluster"
            }
          },
          "sensitive_attributes": [],
          "identity_schema_version": 0,
          "private": "bnVsbA=="
        }
      ]
    },
    {
      "mode": "managed",
      "type": "aws_ecs_service",
      "name": "order_producer",
      "provider": "provider[\"registry.terraform.io/hashicorp/aws\"]",
      "instances": [
        {
          "schema_version": 1,
          "attributes": {
            "alarms": [],
            "availability_zone_rebalancing": "DISABLED",
            "capacity_provider_strategy": [],
            "cluster": "arn:aws:ecs:us-east-2:343218219153:cluster/kafka-enterprise-orders-cluster",
            "deployment_circuit_breaker": [
              {
                "enable": false,
                "rollback": false
              }
            ],
            "deployment_controller": [
              {
                "type": "ECS"
              }
            ],
            "deployment_maximum_percent": 200,
            "deployment_minimum_healthy_percent": 100,
            "desired_count": 1,
            "enable_ecs_managed_tags": false,
            "enable_execute_command": false,
            "force_delete": null,
            "force_new_deployment": null,
            "health_check_grace_period_seconds": 0,
            "iam_role": "/aws-service-role/ecs.amazonaws.com/AWSServiceRoleForECS",
            "id": "arn:aws:ecs:us-east-2:343218219153:service/kafka-enterprise-orders-cluster/kafka-enterprise-orders-producer-svc",
            "launch_type": "FARGATE",
            "load_balancer": [],
            "name": "kafka-enterprise-orders-producer-svc",
            "network_configuration": [
              {
                "assign_public_ip": true,
                "security_groups": [
                  "sg-076a7fe259a626081"
                ],
                "subnets": [
                  "subnet-014a34e66b4e987f8",
                  "subnet-0a8de3f08c379f99a"
                ]
              }
            ],
            "ordered_placement_strategy": [],
            "placement_constraints": [],
            "platform_version": "LATEST",
            "propagate_tags": "NONE",
            "scheduling_strategy": "REPLICA",
            "service_connect_configuration": [],
            "service_registries": [],
            "tags": {},
            "tags_all": {},
            "task_definition": "arn:aws:ecs:us-east-2:343218219153:task-definition/kafka-enterprise-orders-producer:1",
            "timeouts": null,
            "triggers": {},
            "volume_configuration": [],
            "vpc_lattice_configurations": [],
            "wait_for_steady_state": false
          },
          "sensitive_attributes": [],
          "identity_schema_version": 0,
          "private": "eyJlMmJmYjczMC1lY2FhLTExZTYtOGY4OC0zNDM2M2JjN2M0YzAiOnsiY3JlYXRlIjoxMjAwMDAwMDAwMDAwLCJkZWxldGUiOjEyMDAwMDAwMDAwMDAsInVwZGF0ZSI6MTIwMDAwMDAwMDAwMH0sInNjaGVtYV92ZXJzaW9uIjoiMSJ9",
          "dependencies": [
            "aws_ecs_cluster.app_cluster",
            "aws_ecs_task_definition.order_producer",
            "aws_iam_role.ecs_task_execution",
            "aws_iam_role.ecs_task_role",
            "aws_security_group.ecs_tasks",
            "aws_subnet.public_a",
            "aws_subnet.public_b",
            "aws_vpc.main"
          ]
        }
      ]
    },
    {
      "mode": "managed",
      "type": "aws_ecs_task_definition",
      "name": "order_producer",
      "provider": "provider[\"registry.terraform.io/hashicorp/aws\"]",
      "instances": [
        {
          "schema_version": 1,
          "attributes": {
            "arn": "arn:aws:ecs:us-east-2:343218219153:task-definition/kafka-enterprise-orders-producer:1",
            "arn_without_revision": "arn:aws:ecs:us-east-2:343218219153:task-definition/kafka-enterprise-orders-producer",
            "container_definitions": "[{\"environment\":[{\"name\":\"CONFLUENT_API_KEY\",\"value\":\"yes\"},{\"name\":\"CONFLUENT_API_SECRET\",\"value\":\"yes\"},{\"name\":\"KAFKA_BOOTSTRAP\",\"value\":\"yes\"}],\"essential\":true,\"image\":\"yes\",\"logConfiguration\":{\"logDriver\":\"awslogs\",\"options\":{\"awslogs-group\":\"/ecs/kafka-enterprise-orders-producer\",\"awslogs-region\":\"us-east-2\",\"awslogs-stream-prefix\":\"ecs\"}},\"mountPoints\":[],\"name\":\"order-producer\",\"portMappings\":[],\"systemControls\":[],\"volumesFrom\":[]}]",
            "cpu": "256",
            "enable_fault_injection": false,
            "ephemeral_storage": [],
            "execution_role_arn": "arn:aws:iam::343218219153:role/kafka-enterprise-orders-ecs-task-execution",
            "family": "kafka-enterprise-orders-producer",
            "id": "kafka-enterprise-orders-producer",
            "inference_accelerator": [],
            "ipc_mode": "",
            "memory": "512",
            "network_mode": "awsvpc",
            "pid_mode": "",
            "placement_constraints": [],
            "proxy_configuration": [],
            "requires_compatibilities": [
              "FARGATE"
            ],
            "revision": 1,
            "runtime_platform": [
              {
                "cpu_architecture": "X86_64",
                "operating_system_family": "LINUX"
              }
            ],
            "skip_destroy": false,
            "tags": {},
            "tags_all": {},
            "task_role_arn": "arn:aws:iam::343218219153:role/kafka-enterprise-orders-ecs-task-role",
            "track_latest": false,
            "volume": []
          },
          "sensitive_attributes": [
            [
              {
                "type": "get_attr",
                "value": "container_definitions"
              }
            ]
          ],
          "identity_schema_version": 0,
          "private": "eyJzY2hlbWFfdmVyc2lvbiI6IjEifQ==",
          "dependencies": [
            "aws_iam_role.ecs_task_execution",
            "aws_iam_role.ecs_task_role"
          ]
        }
      ]
    },
    {
      "mode": "managed",
      "type": "aws_iam_role",
      "name": "ecs_task_execution",
      "provider": "provider[\"registry.terraform.io/hashicorp/aws\"]",
      "instances": [
        {
          "schema_version": 0,
          "attributes": {
            "arn": "arn:aws:iam::343218219153:role/kafka-enterprise-orders-ecs-task-execution",
            "assume_role_policy": "{\"Statement\":[{\"Action\":\"sts:AssumeRole\",\"Effect\":\"Allow\",\"Principal\":{\"Service\":\"ecs-tasks.amazonaws.com\"}}],\"Version\":\"2012-10-17\"}",
            "create_date": "2025-11-22T22:19:40Z",
            "description": "",
            "force_detach_policies": false,
            "id": "kafka-enterprise-orders-ecs-task-execution",
            "inline_policy": [],
            "managed_policy_arns": [
              "arn:aws:iam::aws:policy/service-role/AmazonECSTaskExecutionRolePolicy"
            ],
            "max_session_duration": 3600,
            "name": "kafka-enterprise-orders-ecs-task-execution",
            "name_prefix": "",
            "path": "/",
            "permissions_boundary": "",
            "tags": {},
            "tags_all": {},
            "unique_id": "AROAU72LGNCIUTOTGC6YD"
          },
          "sensitive_attributes": [],
          "identity_schema_version": 0,
          "private": "eyJzY2hlbWFfdmVyc2lvbiI6IjAifQ=="
        }
      ]
    },
    {
      "mode": "managed",
      "type": "aws_iam_role",
      "name": "ecs_task_role",
      "provider": "provider[\"registry.terraform.io/hashicorp/aws\"]",
      "instances": [
        {
          "schema_version": 0,
          "attributes": {
            "arn": "arn:aws:iam::343218219153:role/kafka-enterprise-orders-ecs-task-role",
            "assume_role_policy": "{\"Statement\":[{\"Action\":\"sts:AssumeRole\",\"Effect\":\"Allow\",\"Principal\":{\"Service\":\"ecs-tasks.amazonaws.com\"}}],\"Version\":\"2012-10-17\"}",
            "create_date": "2025-11-22T22:19:40Z",
            "description": "",
            "force_detach_policies": false,
            "id": "kafka-enterprise-orders-ecs-task-role",
            "inline_policy": [],
            "managed_policy_arns": [],
            "max_session_duration": 3600,
            "name": "kafka-enterprise-orders-ecs-task-role",
            "name_prefix": "",
            "path": "/",
            "permissions_boundary": "",
            "tags": {},
            "tags_all": {},
            "unique_id": "AROAU72LGNCISHUN3VXGA"
          },
          "sensitive_attributes": [],
          "identity_schema_version": 0,
          "private": "eyJzY2hlbWFfdmVyc2lvbiI6IjAifQ=="
        }
      ]
    },
    {
      "mode": "managed",
      "type": "aws_iam_role_policy_attachment",
      "name": "ecs_task_execution_policy",
      "provider": "provider[\"registry.terraform.io/hashicorp/aws\"]",
      "instances": [
        {
          "schema_version": 0,
          "attributes": {
            "id": "kafka-enterprise-orders-ecs-task-execution-20251122225200178700000001",
            "policy_arn": "arn:aws:iam::aws:policy/service-role/AmazonECSTaskExecutionRolePolicy",
            "role": "kafka-enterprise-orders-ecs-task-execution"
          },
          "sensitive_attributes": [],
          "identity_schema_version": 0,
          "private": "bnVsbA==",
          "dependencies": [
            "aws_iam_role.ecs_task_execution"
          ]
        }
      ]
    },
    {
      "mode": "managed",
      "type": "aws_internet_gateway",
      "name": "igw",
      "provider": "provider[\"registry.terraform.io/hashicorp/aws\"]",
      "instances": [
        {
          "schema_version": 0,
          "attributes": {
            "arn": "arn:aws:ec2:us-east-2:343218219153:internet-gateway/igw-0257795a7ec59abcf",
            "id": "igw-0257795a7ec59abcf",
            "owner_id": "343218219153",
            "tags": {
              "Name": "kafka-enterprise-orders-igw"
            },
            "tags_all": {
              "Name": "kafka-enterprise-orders-igw"
            },
            "timeouts": null,
            "vpc_id": "vpc-008f4e611a0d47f81"
          },
          "sensitive_attributes": [],
          "identity_schema_version": 0,
          "private": "eyJlMmJmYjczMC1lY2FhLTExZTYtOGY4OC0zNDM2M2JjN2M0YzAiOnsiY3JlYXRlIjoxMjAwMDAwMDAwMDAwLCJkZWxldGUiOjEyMDAwMDAwMDAwMDAsInVwZGF0ZSI6MTIwMDAwMDAwMDAwMH19",
          "dependencies": [
            "aws_vpc.main"
          ]
        }
      ]
    },
    {
      "mode": "managed",
      "type": "aws_route_table",
      "name": "public",
      "provider": "provider[\"registry.terraform.io/hashicorp/aws\"]",
      "instances": [
        {
          "schema_version": 0,
          "attributes": {
            "arn": "arn:aws:ec2:us-east-2:343218219153:route-table/rtb-0c778f86c068776ef",
            "id": "rtb-0c778f86c068776ef",
            "owner_id": "343218219153",
            "propagating_vgws": [],
            "route": [
              {
                "carrier_gateway_id": "",
                "cidr_block": "0.0.0.0/0",
                "core_network_arn": "",
                "destination_prefix_list_id": "",
                "egress_only_gateway_id": "",
                "gateway_id": "igw-0257795a7ec59abcf",
                "ipv6_cidr_block": "",
                "local_gateway_id": "",
                "nat_gateway_id": "",
                "network_interface_id": "",
                "transit_gateway_id": "",
                "vpc_endpoint_id": "",
                "vpc_peering_connection_id": ""
              }
            ],
            "tags": {
              "Name": "kafka-enterprise-orders-public-rt"
            },
            "tags_all": {
              "Name": "kafka-enterprise-orders-public-rt"
            },
            "timeouts": null,
            "vpc_id": "vpc-008f4e611a0d47f81"
          },
          "sensitive_attributes": [],
          "identity_schema_version": 0,
          "private": "eyJlMmJmYjczMC1lY2FhLTExZTYtOGY4OC0zNDM2M2JjN2M0YzAiOnsiY3JlYXRlIjozMDAwMDAwMDAwMDAsImRlbGV0ZSI6MzAwMDAwMDAwMDAwLCJ1cGRhdGUiOjEyMDAwMDAwMDAwMH19",
          "dependencies": [
            "aws_internet_gateway.igw",
            "aws_vpc.main"
          ]
        }
      ]
    },
    {
      "mode": "managed",
      "type": "aws_route_table_association",
      "name": "public_a",
      "provider": "provider[\"registry.terraform.io/hashicorp/aws\"]",
      "instances": [
        {
          "schema_version": 0,
          "attributes": {
            "gateway_id": "",
            "id": "rtbassoc-0d725df29e18b9ed5",
            "route_table_id": "rtb-0c778f86c068776ef",
            "subnet_id": "subnet-0a8de3f08c379f99a",
            "timeouts": null
          },
          "sensitive_attributes": [],
          "identity_schema_version": 0,
          "private": "eyJlMmJmYjczMC1lY2FhLTExZTYtOGY4OC0zNDM2M2JjN2M0YzAiOnsiY3JlYXRlIjozMDAwMDAwMDAwMDAsImRlbGV0ZSI6MzAwMDAwMDAwMDAwLCJ1cGRhdGUiOjEyMDAwMDAwMDAwMH19",
          "dependencies": [
            "aws_internet_gateway.igw",
            "aws_route_table.public",
            "aws_subnet.public_a",
            "aws_vpc.main"
          ]
        }
      ]
    },
    {
      "mode": "managed",
      "type": "aws_route_table_association",
      "name": "public_b",
      "provider": "provider[\"registry.terraform.io/hashicorp/aws\"]",
      "instances": [
        {
          "schema_version": 0,
          "attributes": {
            "gateway_id": "",
            "id": "rtbassoc-063b956878ada7c4c",
            "route_table_id": "rtb-0c778f86c068776ef",
            "subnet_id": "subnet-014a34e66b4e987f8",
            "timeouts": null
          },
          "sensitive_attributes": [],
          "identity_schema_version": 0,
          "private": "eyJlMmJmYjczMC1lY2FhLTExZTYtOGY4OC0zNDM2M2JjN2M0YzAiOnsiY3JlYXRlIjozMDAwMDAwMDAwMDAsImRlbGV0ZSI6MzAwMDAwMDAwMDAwLCJ1cGRhdGUiOjEyMDAwMDAwMDAwMH19",
          "dependencies": [
            "aws_internet_gateway.igw",
            "aws_route_table.public",
            "aws_subnet.public_b",
            "aws_vpc.main"
          ]
        }
      ]
    },
    {
      "mode": "managed",
      "type": "aws_security_group",
      "name": "ecs_tasks",
      "provider": "provider[\"registry.terraform.io/hashicorp/aws\"]",
      "instances": [
        {
          "schema_version": 1,
          "attributes": {
            "arn": "arn:aws:ec2:us-east-2:343218219153:security-group/sg-076a7fe259a626081",
            "description": "Allow HTTP egress for ECS tasks",
            "egress": [
              {
                "cidr_blocks": [
                  "0.0.0.0/0"
                ],
                "description": "",
                "from_port": 0,
                "ipv6_cidr_blocks": [],
                "prefix_list_ids": [],
                "protocol": "-1",
                "security_groups": [],
                "self": false,
                "to_port": 0
              }
            ],
            "id": "sg-076a7fe259a626081",
            "ingress": [],
            "name": "kafka-enterprise-orders-ecs-sg",
            "name_prefix": "",
            "owner_id": "343218219153",
            "revoke_rules_on_delete": false,
            "tags": {
              "Name": "kafka-enterprise-orders-ecs-sg"
            },
            "tags_all": {
              "Name": "kafka-enterprise-orders-ecs-sg"
            },
            "timeouts": null,
            "vpc_id": "vpc-008f4e611a0d47f81"
          },
          "sensitive_attributes": [],
          "identity_schema_version": 0,
          "private": "eyJlMmJmYjczMC1lY2FhLTExZTYtOGY4OC0zNDM2M2JjN2M0YzAiOnsiY3JlYXRlIjo2MDAwMDAwMDAwMDAsImRlbGV0ZSI6OTAwMDAwMDAwMDAwfSwic2NoZW1hX3ZlcnNpb24iOiIxIn0=",
          "dependencies": [
            "aws_vpc.main"
          ]
        }
      ]
    },
    {
      "mode": "managed",
      "type": "aws_security_group",
      "name": "rds",
      "provider": "provider[\"registry.terraform.io/hashicorp/aws\"]",
      "instances": [
        {
          "schema_version": 1,
          "attributes": {
            "arn": "arn:aws:ec2:us-east-2:343218219153:security-group/sg-0560f9de5594e8508",
            "description": "Allow Postgres from ECS tasks",
            "egress": [
              {
                "cidr_blocks": [
                  "0.0.0.0/0"
                ],
                "description": "",
                "from_port": 0,
                "ipv6_cidr_blocks": [],
                "prefix_list_ids": [],
                "protocol": "-1",
                "security_groups": [],
                "self": false,
                "to_port": 0
              }
            ],
            "id": "sg-0560f9de5594e8508",
            "ingress": [
              {
                "cidr_blocks": [],
                "description": "",
                "from_port": 5432,
                "ipv6_cidr_blocks": [],
                "prefix_list_ids": [],
                "protocol": "tcp",
                "security_groups": [
                  "sg-076a7fe259a626081"
                ],
                "self": false,
                "to_port": 5432
              }
            ],
            "name": "kafka-enterprise-orders-rds-sg",
            "name_prefix": "",
            "owner_id": "343218219153",
            "revoke_rules_on_delete": false,
            "tags": {
              "Name": "kafka-enterprise-orders-rds-sg"
            },
            "tags_all": {
              "Name": "kafka-enterprise-orders-rds-sg"
            },
            "timeouts": null,
            "vpc_id": "vpc-008f4e611a0d47f81"
          },
          "sensitive_attributes": [],
          "identity_schema_version": 0,
          "private": "eyJlMmJmYjczMC1lY2FhLTExZTYtOGY4OC0zNDM2M2JjN2M0YzAiOnsiY3JlYXRlIjo2MDAwMDAwMDAwMDAsImRlbGV0ZSI6OTAwMDAwMDAwMDAwfSwic2NoZW1hX3ZlcnNpb24iOiIxIn0=",
          "dependencies": [
            "aws_security_group.ecs_tasks",
            "aws_vpc.main"
          ]
        }
      ]
    },
    {
      "mode": "managed",
      "type": "aws_subnet",
      "name": "public_a",
      "provider": "provider[\"registry.terraform.io/hashicorp/aws\"]",
      "instances": [
        {
          "schema_version": 1,
          "attributes": {
            "arn": "arn:aws:ec2:us-east-2:343218219153:subnet/subnet-0a8de3f08c379f99a",
            "assign_ipv6_address_on_creation": false,
            "availability_zone": "us-east-2a",
            "availability_zone_id": "use2-az1",
            "cidr_block": "10.20.1.0/24",
            "customer_owned_ipv4_pool": "",
            "enable_dns64": false,
            "enable_lni_at_device_index": 0,
            "enable_resource_name_dns_a_record_on_launch": false,
            "enable_resource_name_dns_aaaa_record_on_launch": false,
            "id": "subnet-0a8de3f08c379f99a",
            "ipv6_cidr_block": "",
            "ipv6_cidr_block_association_id": "",
            "ipv6_native": false,
            "map_customer_owned_ip_on_launch": false,
            "map_public_ip_on_launch": true,
            "outpost_arn": "",
            "owner_id": "343218219153",
            "private_dns_hostname_type_on_launch": "ip-name",
            "tags": {
              "Name": "kafka-enterprise-orders-public-a"
            },
            "tags_all": {
              "Name": "kafka-enterprise-orders-public-a"
            },
            "timeouts": null,
            "vpc_id": "vpc-008f4e611a0d47f81"
          },
          "sensitive_attributes": [],
          "identity_schema_version": 0,
          "private": "eyJlMmJmYjczMC1lY2FhLTExZTYtOGY4OC0zNDM2M2JjN2M0YzAiOnsiY3JlYXRlIjo2MDAwMDAwMDAwMDAsImRlbGV0ZSI6MTIwMDAwMDAwMDAwMH0sInNjaGVtYV92ZXJzaW9uIjoiMSJ9",
          "dependencies": [
            "aws_vpc.main"
          ]
        }
      ]
    },
    {
      "mode": "managed",
      "type": "aws_subnet",
      "name": "public_b",
      "provider": "provider[\"registry.terraform.io/hashicorp/aws\"]",
      "instances": [
        {
          "schema_version": 1,
          "attributes": {
            "arn": "arn:aws:ec2:us-east-2:343218219153:subnet/subnet-014a34e66b4e987f8",
            "assign_ipv6_address_on_creation": false,
            "availability_zone": "us-east-2b",
            "availability_zone_id": "use2-az2",
            "cidr_block": "10.20.2.0/24",
            "customer_owned_ipv4_pool": "",
            "enable_dns64": false,
            "enable_lni_at_device_index": 0,
            "enable_resource_name_dns_a_record_on_launch": false,
            "enable_resource_name_dns_aaaa_record_on_launch": false,
            "id": "subnet-014a34e66b4e987f8",
            "ipv6_cidr_block": "",
            "ipv6_cidr_block_association_id": "",
            "ipv6_native": false,
            "map_customer_owned_ip_on_launch": false,
            "map_public_ip_on_launch": true,
            "outpost_arn": "",
            "owner_id": "343218219153",
            "private_dns_hostname_type_on_launch": "ip-name",
            "tags": {
              "Name": "kafka-enterprise-orders-public-b"
            },
            "tags_all": {
              "Name": "kafka-enterprise-orders-public-b"
            },
            "timeouts": null,
            "vpc_id": "vpc-008f4e611a0d47f81"
          },
          "sensitive_attributes": [],
          "identity_schema_version": 0,
          "private": "eyJlMmJmYjczMC1lY2FhLTExZTYtOGY4OC0zNDM2M2JjN2M0YzAiOnsiY3JlYXRlIjo2MDAwMDAwMDAwMDAsImRlbGV0ZSI6MTIwMDAwMDAwMDAwMH0sInNjaGVtYV92ZXJzaW9uIjoiMSJ9",
          "dependencies": [
            "aws_vpc.main"
          ]
        }
      ]
    },
    {
      "mode": "managed",
      "type": "aws_vpc",
      "name": "main",
      "provider": "provider[\"registry.terraform.io/hashicorp/aws\"]",
      "instances": [
        {
          "schema_version": 1,
          "attributes": {
            "arn": "arn:aws:ec2:us-east-2:343218219153:vpc/vpc-008f4e611a0d47f81",
            "assign_generated_ipv6_cidr_block": false,
            "cidr_block": "10.20.0.0/16",
            "default_network_acl_id": "acl-0d1ce136fb7a73e9e",
            "default_route_table_id": "rtb-036921cdb306b97bb",
            "default_security_group_id": "sg-08b8275b467c12491",
            "dhcp_options_id": "dopt-0469dec5702477219",
            "enable_dns_hostnames": true,
            "enable_dns_support": true,
            "enable_network_address_usage_metrics": false,
            "id": "vpc-008f4e611a0d47f81",
            "instance_tenancy": "default",
            "ipv4_ipam_pool_id": null,
            "ipv4_netmask_length": null,
            "ipv6_association_id": "",
            "ipv6_cidr_block": "",
            "ipv6_cidr_block_network_border_group": "",
            "ipv6_ipam_pool_id": "",
            "ipv6_netmask_length": 0,
            "main_route_table_id": "rtb-036921cdb306b97bb",
            "owner_id": "343218219153",
            "tags": {
              "Name": "kafka-enterprise-orders-vpc"
            },
            "tags_all": {
              "Name": "kafka-enterprise-orders-vpc"
            }
          },
          "sensitive_attributes": [],
          "identity_schema_version": 0,
          "private": "eyJzY2hlbWFfdmVyc2lvbiI6IjEifQ=="
        }
      ]
    }
  ],
  "check_results": null
}
